
Microsoft Visual Studio Solution File, Format Version 12.00
# Visual Studio Version 17
VisualStudioVersion = 17.14.36310.24 d17.14
MinimumVisualStudioVersion = 10.0.40219.1
Project("{888888A0-9F3D-457C-B088-3A5042F75D52}") = "WSS_Py_Wrapper", "WSS_Py_Wrapper.pyproj", "{A61FEEBF-AA7B-4CAA-93D4-2731B0E58DF1}"
EndProject
Global
	GlobalSection(SolutionConfigurationPlatforms) = preSolution
		Debug|Any CPU = Debug|Any CPU
		Release|Any CPU = Release|Any CPU
	EndGlobalSection
	GlobalSection(ProjectConfigurationPlatforms) = postSolution
		{A61FEEBF-AA7B-4CAA-93D4-2731B0E58DF1}.Debug|Any CPU.ActiveCfg = Debug|Any CPU
		{A61FEEBF-AA7B-4CAA-93D4-2731B0E58DF1}.Release|Any CPU.ActiveCfg = Release|Any CPU
	EndGlobalSection
	GlobalSection(SolutionProperties) = preSolution
		HideSolutionNode = FALSE
	EndGlobalSection
	GlobalSection(ExtensibilityGlobals) = postSolution
		SolutionGuid = {8C80B624-87EF-4E9C-9501-B2F292E37151}
	EndGlobalSection
EndGlobal
